
Microsoft Visual Studio Solution File, Format Version 12.00
# Visual Studio Version 17
VisualStudioVersion = 17.7.34221.43
MinimumVisualStudioVersion = 10.0.40219.1
Project("{FAE04EC0-301F-11D3-BF4B-00C04F79EFBC}") = "Sipariş Takip", "Sipariş Takip\Sipariş Takip.csproj", "{BAECCC04-18A3-4F1D-B459-B93303E7B0BF}"
EndProject
Global
	GlobalSection(SolutionConfigurationPlatforms) = preSolution
		Debug|Any CPU = Debug|Any CPU
		Release|Any CPU = Release|Any CPU
	EndGlobalSection
	GlobalSection(ProjectConfigurationPlatforms) = postSolution
		{BAECCC04-18A3-4F1D-B459-B93303E7B0BF}.Debug|Any CPU.ActiveCfg = Debug|Any CPU
		{BAECCC04-18A3-4F1D-B459-B93303E7B0BF}.Debug|Any CPU.Build.0 = Debug|Any CPU
		{BAECCC04-18A3-4F1D-B459-B93303E7B0BF}.Release|Any CPU.ActiveCfg = Release|Any CPU
		{BAECCC04-18A3-4F1D-B459-B93303E7B0BF}.Release|Any CPU.Build.0 = Release|Any CPU
	EndGlobalSection
	GlobalSection(SolutionProperties) = preSolution
		HideSolutionNode = FALSE
	EndGlobalSection
	GlobalSection(ExtensibilityGlobals) = postSolution
		SolutionGuid = {6BF6774C-D80D-4F31-A23B-27AB5D50559D}
	EndGlobalSection
EndGlobal
